Microsoft Visual Studio Solution File, Format Version 12.00
# Visual Studio Version 17
VisualStudioVersion = 17.5.2.0
MinimumVisualStudioVersion = 10.0.40219.1
Project("{FAE04EC0-301F-11D3-BF4B-00C04F79EFBC}") = "PaymentProcessor", "PaymentProcessor.csproj", "{CE378376-4BE4-5E9E-9CC1-E4FA254695FA}"
EndProject
Global
	GlobalSection(SolutionConfigurationPlatforms) = preSolution
		Debug|Any CPU = Debug|Any CPU
		Release|Any CPU = Release|Any CPU
	EndGlobalSection
	GlobalSection(ProjectConfigurationPlatforms) = postSolution
		{CE378376-4BE4-5E9E-9CC1-E4FA254695FA}.Debug|Any CPU.ActiveCfg = Debug|Any CPU
		{CE378376-4BE4-5E9E-9CC1-E4FA254695FA}.Debug|Any CPU.Build.0 = Debug|Any CPU
		{CE378376-4BE4-5E9E-9CC1-E4FA254695FA}.Release|Any CPU.ActiveCfg = Release|Any CPU
		{CE378376-4BE4-5E9E-9CC1-E4FA254695FA}.Release|Any CPU.Build.0 = Release|Any CPU
	EndGlobalSection
	GlobalSection(SolutionProperties) = preSolution
		HideSolutionNode = FALSE
	EndGlobalSection
	GlobalSection(ExtensibilityGlobals) = postSolution
		SolutionGuid = {2CB6193C-D203-4E9B-99C4-C00E611D5DE5}
	EndGlobalSection
EndGlobal
